
Microsoft Visual Studio Solution File, Format Version 12.00
# Visual Studio Version 17
VisualStudioVersion = 17.5.2.0
MinimumVisualStudioVersion = 10.0.40219.1
Project("{2150E333-8FDC-42A3-9474-1A3956D46DE8}") = "src", "src", "{827E0CD3-B72D-47B6-A68D-7590B98EB39B}"
EndProject
Project("{2150E333-8FDC-42A3-9474-1A3956D46DE8}") = "tests", "tests", "{0AB3BF05-4346-4AA6-1389-037BE0695223}"
EndProject
Project("{FAE04EC0-301F-11D3-BF4B-00C04F79EFBC}") = "Steward.Cli", "src\Steward.Cli\Steward.Cli.csproj", "{8F9EEE92-87D7-3E27-E2F2-D290EFCB19DF}"
EndProject
Project("{FAE04EC0-301F-11D3-BF4B-00C04F79EFBC}") = "Steward.Core", "src\Steward.Core\Steward.Core.csproj", "{69C184C1-91BE-E73E-8067-051839C42C0D}"
EndProject
Project("{FAE04EC0-301F-11D3-BF4B-00C04F79EFBC}") = "Steward.Cli.Tests", "tests\Steward.Cli.Tests\Steward.Cli.Tests.csproj", "{FD65F11C-4271-F8E6-EF53-C28A812E41EC}"
EndProject
Project("{FAE04EC0-301F-11D3-BF4B-00C04F79EFBC}") = "Steward.Core.Tests", "tests\Steward.Core.Tests\Steward.Core.Tests.csproj", "{73CCB5AF-61ED-28AD-103A-819A5742C699}"
EndProject
Project("{FAE04EC0-301F-11D3-BF4B-00C04F79EFBC}") = "Steward.TestFixtures", "tests\Steward.TestFixtures\Steward.TestFixtures.csproj", "{BDE4FEFA-F6A5-4FF3-92BD-16C442613C55}"
EndProject
Global
	GlobalSection(SolutionConfigurationPlatforms) = preSolution
		Debug|Any CPU = Debug|Any CPU
		Debug|x64 = Debug|x64
		Debug|x86 = Debug|x86
		Release|Any CPU = Release|Any CPU
		Release|x64 = Release|x64
		Release|x86 = Release|x86
	EndGlobalSection
	GlobalSection(ProjectConfigurationPlatforms) = postSolution
		{8F9EEE92-87D7-3E27-E2F2-D290EFCB19DF}.Debug|Any CPU.ActiveCfg = Debug|Any CPU
		{8F9EEE92-87D7-3E27-E2F2-D290EFCB19DF}.Debug|Any CPU.Build.0 = Debug|Any CPU
		{8F9EEE92-87D7-3E27-E2F2-D290EFCB19DF}.Debug|x64.ActiveCfg = Debug|Any CPU
		{8F9EEE92-87D7-3E27-E2F2-D290EFCB19DF}.Debug|x64.Build.0 = Debug|Any CPU
		{8F9EEE92-87D7-3E27-E2F2-D290EFCB19DF}.Debug|x86.ActiveCfg = Debug|Any CPU
		{8F9EEE92-87D7-3E27-E2F2-D290EFCB19DF}.Debug|x86.Build.0 = Debug|Any CPU
		{8F9EEE92-87D7-3E27-E2F2-D290EFCB19DF}.Release|Any CPU.ActiveCfg = Release|Any CPU
		{8F9EEE92-87D7-3E27-E2F2-D290EFCB19DF}.Release|Any CPU.Build.0 = Release|Any CPU
		{8F9EEE92-87D7-3E27-E2F2-D290EFCB19DF}.Release|x64.ActiveCfg = Release|Any CPU
		{8F9EEE92-87D7-3E27-E2F2-D290EFCB19DF}.Release|x64.Build.0 = Release|Any CPU
		{8F9EEE92-87D7-3E27-E2F2-D290EFCB19DF}.Release|x86.ActiveCfg = Release|Any CPU
		{8F9EEE92-87D7-3E27-E2F2-D290EFCB19DF}.Release|x86.Build.0 = Release|Any CPU
		{69C184C1-91BE-E73E-8067-051839C42C0D}.Debug|Any CPU.ActiveCfg = Debug|Any CPU
		{69C184C1-91BE-E73E-8067-051839C42C0D}.Debug|Any CPU.Build.0 = Debug|Any CPU
		{69C184C1-91BE-E73E-8067-051839C42C0D}.Debug|x64.ActiveCfg = Debug|Any CPU
		{69C184C1-91BE-E73E-8067-051839C42C0D}.Debug|x64.Build.0 = Debug|Any CPU
		{69C184C1-91BE-E73E-8067-051839C42C0D}.Debug|x86.ActiveCfg = Debug|Any CPU
		{69C184C1-91BE-E73E-8067-051839C42C0D}.Debug|x86.Build.0 = Debug|Any CPU
		{69C184C1-91BE-E73E-8067-051839C42C0D}.Release|Any CPU.ActiveCfg = Release|Any CPU
		{69C184C1-91BE-E73E-8067-051839C42C0D}.Release|Any CPU.Build.0 = Release|Any CPU
		{69C184C1-91BE-E73E-8067-051839C42C0D}.Release|x64.ActiveCfg = Release|Any CPU
		{69C184C1-91BE-E73E-8067-051839C42C0D}.Release|x64.Build.0 = Release|Any CPU
		{69C184C1-91BE-E73E-8067-051839C42C0D}.Release|x86.ActiveCfg = Release|Any CPU
		{69C184C1-91BE-E73E-8067-051839C42C0D}.Release|x86.Build.0 = Release|Any CPU
		{FD65F11C-4271-F8E6-EF53-C28A812E41EC}.Debug|Any CPU.ActiveCfg = Debug|Any CPU
		{FD65F11C-4271-F8E6-EF53-C28A812E41EC}.Debug|Any CPU.Build.0 = Debug|Any CPU
		{FD65F11C-4271-F8E6-EF53-C28A812E41EC}.Debug|x64.ActiveCfg = Debug|Any CPU
		{FD65F11C-4271-F8E6-EF53-C28A812E41EC}.Debug|x64.Build.0 = Debug|Any CPU
		{FD65F11C-4271-F8E6-EF53-C28A812E41EC}.Debug|x86.ActiveCfg = Debug|Any CPU
		{FD65F11C-4271-F8E6-EF53-C28A812E41EC}.Debug|x86.Build.0 = Debug|Any CPU
		{FD65F11C-4271-F8E6-EF53-C28A812E41EC}.Release|Any CPU.ActiveCfg = Release|Any CPU
		{FD65F11C-4271-F8E6-EF53-C28A812E41EC}.Release|Any CPU.Build.0 = Release|Any CPU
		{FD65F11C-4271-F8E6-EF53-C28A812E41EC}.Release|x64.ActiveCfg = Release|Any CPU
		{FD65F11C-4271-F8E6-EF53-C28A812E41EC}.Release|x64.Build.0 = Release|Any CPU
		{FD65F11C-4271-F8E6-EF53-C28A812E41EC}.Release|x86.ActiveCfg = Release|Any CPU
		{FD65F11C-4271-F8E6-EF53-C28A812E41EC}.Release|x86.Build.0 = Release|Any CPU
		{73CCB5AF-61ED-28AD-103A-819A5742C699}.Debug|Any CPU.ActiveCfg = Debug|Any CPU
		{73CCB5AF-61ED-28AD-103A-819A5742C699}.Debug|Any CPU.Build.0 = Debug|Any CPU
		{73CCB5AF-61ED-28AD-103A-819A5742C699}.Debug|x64.ActiveCfg = Debug|Any CPU
		{73CCB5AF-61ED-28AD-103A-819A5742C699}.Debug|x64.Build.0 = Debug|Any CPU
		{73CCB5AF-61ED-28AD-103A-819A5742C699}.Debug|x86.ActiveCfg = Debug|Any CPU
		{73CCB5AF-61ED-28AD-103A-819A5742C699}.Debug|x86.Build.0 = Debug|Any CPU
		{73CCB5AF-61ED-28AD-103A-819A5742C699}.Release|Any CPU.ActiveCfg = Release|Any CPU
		{73CCB5AF-61ED-28AD-103A-819A5742C699}.Release|Any CPU.Build.0 = Release|Any CPU
		{73CCB5AF-61ED-28AD-103A-819A5742C699}.Release|x64.ActiveCfg = Release|Any CPU
		{73CCB5AF-61ED-28AD-103A-819A5742C699}.Release|x64.Build.0 = Release|Any CPU
		{73CCB5AF-61ED-28AD-103A-819A5742C699}.Release|x86.ActiveCfg = Release|Any CPU
		{73CCB5AF-61ED-28AD-103A-819A5742C699}.Release|x86.Build.0 = Release|Any CPU
		{BDE4FEFA-F6A5-4FF3-92BD-16C442613C55}.Debug|Any CPU.ActiveCfg = Debug|Any CPU
		{BDE4FEFA-F6A5-4FF3-92BD-16C442613C55}.Debug|Any CPU.Build.0 = Debug|Any CPU
		{BDE4FEFA-F6A5-4FF3-92BD-16C442613C55}.Debug|x64.ActiveCfg = Debug|Any CPU
		{BDE4FEFA-F6A5-4FF3-92BD-16C442613C55}.Debug|x64.Build.0 = Debug|Any CPU
		{BDE4FEFA-F6A5-4FF3-92BD-16C442613C55}.Debug|x86.ActiveCfg = Debug|Any CPU
		{BDE4FEFA-F6A5-4FF3-92BD-16C442613C55}.Debug|x86.Build.0 = Debug|Any CPU
		{BDE4FEFA-F6A5-4FF3-92BD-16C442613C55}.Release|Any CPU.ActiveCfg = Release|Any CPU
		{BDE4FEFA-F6A5-4FF3-92BD-16C442613C55}.Release|Any CPU.Build.0 = Release|Any CPU
		{BDE4FEFA-F6A5-4FF3-92BD-16C442613C55}.Release|x64.ActiveCfg = Release|Any CPU
		{BDE4FEFA-F6A5-4FF3-92BD-16C442613C55}.Release|x64.Build.0 = Release|Any CPU
		{BDE4FEFA-F6A5-4FF3-92BD-16C442613C55}.Release|x86.ActiveCfg = Release|Any CPU
		{BDE4FEFA-F6A5-4FF3-92BD-16C442613C55}.Release|x86.Build.0 = Release|Any CPU
	EndGlobalSection
	GlobalSection(SolutionProperties) = preSolution
		HideSolutionNode = FALSE
	EndGlobalSection
	GlobalSection(NestedProjects) = preSolution
		{8F9EEE92-87D7-3E27-E2F2-D290EFCB19DF} = {827E0CD3-B72D-47B6-A68D-7590B98EB39B}
		{69C184C1-91BE-E73E-8067-051839C42C0D} = {827E0CD3-B72D-47B6-A68D-7590B98EB39B}
		{FD65F11C-4271-F8E6-EF53-C28A812E41EC} = {0AB3BF05-4346-4AA6-1389-037BE0695223}
		{73CCB5AF-61ED-28AD-103A-819A5742C699} = {0AB3BF05-4346-4AA6-1389-037BE0695223}
		{BDE4FEFA-F6A5-4FF3-92BD-16C442613C55} = {0AB3BF05-4346-4AA6-1389-037BE0695223}
	EndGlobalSection
	GlobalSection(ExtensibilityGlobals) = postSolution
		SolutionGuid = {9DCBBD03-D544-4B7A-8596-EA19EFBCBFC5}
	EndGlobalSection
EndGlobal
